
Microsoft Visual Studio Solution File, Format Version 12.00
# Visual Studio 14
VisualStudioVersion = 14.0.25420.1
MinimumVisualStudioVersion = 10.0.40219.1
Project("{FAE04EC0-301F-11D3-BF4B-00C04F79EFBC}") = "Lab1", "Lab1\Lab1.csproj", "{D2DBC314-4ABF-40DA-825A-FAF14E9E0D48}"
EndProject
Project("{FAE04EC0-301F-11D3-BF4B-00C04F79EFBC}") = "Lab2", "Lab2\Lab2.csproj", "{C0B9A1F3-57BA-4630-8A8B-35B6CF5CBA6E}"
EndProject
Project("{FAE04EC0-301F-11D3-BF4B-00C04F79EFBC}") = "Lab3", "Lab3\Lab3.csproj", "{C13DA305-8176-49ED-8BD1-D4669075FBBF}"
EndProject
Project("{FAE04EC0-301F-11D3-BF4B-00C04F79EFBC}") = "Lab4", "Lab4\Lab4.csproj", "{387D7384-879C-451B-95CF-92858C66BA38}"
EndProject
Project("{FAE04EC0-301F-11D3-BF4B-00C04F79EFBC}") = "Lab5", "Lab5\Lab5.csproj", "{8F8E61A9-A785-470D-9C52-75F7FFB167FE}"
EndProject
Global
	GlobalSection(SolutionConfigurationPlatforms) = preSolution
		Debug|Any CPU = Debug|Any CPU
		Debug|x64 = Debug|x64
		Debug|x86 = Debug|x86
		Release|Any CPU = Release|Any CPU
		Release|x64 = Release|x64
		Release|x86 = Release|x86
	EndGlobalSection
	GlobalSection(ProjectConfigurationPlatforms) = postSolution
		{D2DBC314-4ABF-40DA-825A-FAF14E9E0D48}.Debug|Any CPU.ActiveCfg = Debug|Any CPU
		{D2DBC314-4ABF-40DA-825A-FAF14E9E0D48}.Debug|Any CPU.Build.0 = Debug|Any CPU
		{D2DBC314-4ABF-40DA-825A-FAF14E9E0D48}.Debug|x64.ActiveCfg = Debug|Any CPU
		{D2DBC314-4ABF-40DA-825A-FAF14E9E0D48}.Debug|x64.Build.0 = Debug|Any CPU
		{D2DBC314-4ABF-40DA-825A-FAF14E9E0D48}.Debug|x86.ActiveCfg = Debug|Any CPU
		{D2DBC314-4ABF-40DA-825A-FAF14E9E0D48}.Debug|x86.Build.0 = Debug|Any CPU
		{D2DBC314-4ABF-40DA-825A-FAF14E9E0D48}.Release|Any CPU.ActiveCfg = Release|Any CPU
		{D2DBC314-4ABF-40DA-825A-FAF14E9E0D48}.Release|Any CPU.Build.0 = Release|Any CPU
		{D2DBC314-4ABF-40DA-825A-FAF14E9E0D48}.Release|x64.ActiveCfg = Release|Any CPU
		{D2DBC314-4ABF-40DA-825A-FAF14E9E0D48}.Release|x64.Build.0 = Release|Any CPU
		{D2DBC314-4ABF-40DA-825A-FAF14E9E0D48}.Release|x86.ActiveCfg = Release|Any CPU
		{D2DBC314-4ABF-40DA-825A-FAF14E9E0D48}.Release|x86.Build.0 = Release|Any CPU
		{C0B9A1F3-57BA-4630-8A8B-35B6CF5CBA6E}.Debug|Any CPU.ActiveCfg = Debug|Any CPU
		{C0B9A1F3-57BA-4630-8A8B-35B6CF5CBA6E}.Debug|Any CPU.Build.0 = Debug|Any CPU
		{C0B9A1F3-57BA-4630-8A8B-35B6CF5CBA6E}.Debug|x64.ActiveCfg = Debug|Any CPU
		{C0B9A1F3-57BA-4630-8A8B-35B6CF5CBA6E}.Debug|x64.Build.0 = Debug|Any CPU
		{C0B9A1F3-57BA-4630-8A8B-35B6CF5CBA6E}.Debug|x86.ActiveCfg = Debug|Any CPU
		{C0B9A1F3-57BA-4630-8A8B-35B6CF5CBA6E}.Debug|x86.Build.0 = Debug|Any CPU
		{C0B9A1F3-57BA-4630-8A8B-35B6CF5CBA6E}.Release|Any CPU.ActiveCfg = Release|Any CPU
		{C0B9A1F3-57BA-4630-8A8B-35B6CF5CBA6E}.Release|Any CPU.Build.0 = Release|Any CPU
		{C0B9A1F3-57BA-4630-8A8B-35B6CF5CBA6E}.Release|x64.ActiveCfg = Release|Any CPU
		{C0B9A1F3-57BA-4630-8A8B-35B6CF5CBA6E}.Release|x64.Build.0 = Release|Any CPU
		{C0B9A1F3-57BA-4630-8A8B-35B6CF5CBA6E}.Release|x86.ActiveCfg = Release|Any CPU
		{C0B9A1F3-57BA-4630-8A8B-35B6CF5CBA6E}.Release|x86.Build.0 = Release|Any CPU
		{C13DA305-8176-49ED-8BD1-D4669075FBBF}.Debug|Any CPU.ActiveCfg = Debug|Any CPU
		{C13DA305-8176-49ED-8BD1-D4669075FBBF}.Debug|Any CPU.Build.0 = Debug|Any CPU
		{C13DA305-8176-49ED-8BD1-D4669075FBBF}.Debug|x64.ActiveCfg = Debug|Any CPU
		{C13DA305-8176-49ED-8BD1-D4669075FBBF}.Debug|x64.Build.0 = Debug|Any CPU
		{C13DA305-8176-49ED-8BD1-D4669075FBBF}.Debug|x86.ActiveCfg = Debug|Any CPU
		{C13DA305-8176-49ED-8BD1-D4669075FBBF}.Debug|x86.Build.0 = Debug|Any CPU
		{C13DA305-8176-49ED-8BD1-D4669075FBBF}.Release|Any CPU.ActiveCfg = Release|Any CPU
		{C13DA305-8176-49ED-8BD1-D4669075FBBF}.Release|Any CPU.Build.0 = Release|Any CPU
		{C13DA305-8176-49ED-8BD1-D4669075FBBF}.Release|x64.ActiveCfg = Release|Any CPU
		{C13DA305-8176-49ED-8BD1-D4669075FBBF}.Release|x64.Build.0 = Release|Any CPU
		{C13DA305-8176-49ED-8BD1-D4669075FBBF}.Release|x86.ActiveCfg = Release|Any CPU
		{C13DA305-8176-49ED-8BD1-D4669075FBBF}.Release|x86.Build.0 = Release|Any CPU
		{387D7384-879C-451B-95CF-92858C66BA38}.Debug|Any CPU.ActiveCfg = Debug|Any CPU
		{387D7384-879C-451B-95CF-92858C66BA38}.Debug|Any CPU.Build.0 = Debug|Any CPU
		{387D7384-879C-451B-95CF-92858C66BA38}.Debug|x64.ActiveCfg = Debug|Any CPU
		{387D7384-879C-451B-95CF-92858C66BA38}.Debug|x64.Build.0 = Debug|Any CPU
		{387D7384-879C-451B-95CF-92858C66BA38}.Debug|x86.ActiveCfg = Debug|Any CPU
		{387D7384-879C-451B-95CF-92858C66BA38}.Debug|x86.Build.0 = Debug|Any CPU
		{387D7384-879C-451B-95CF-92858C66BA38}.Release|Any CPU.ActiveCfg = Release|Any CPU
		{387D7384-879C-451B-95CF-92858C66BA38}.Release|Any CPU.Build.0 = Release|Any CPU
		{387D7384-879C-451B-95CF-92858C66BA38}.Release|x64.ActiveCfg = Release|Any CPU
		{387D7384-879C-451B-95CF-92858C66BA38}.Release|x64.Build.0 = Release|Any CPU
		{387D7384-879C-451B-95CF-92858C66BA38}.Release|x86.ActiveCfg = Release|Any CPU
		{387D7384-879C-451B-95CF-92858C66BA38}.Release|x86.Build.0 = Release|Any CPU
		{8F8E61A9-A785-470D-9C52-75F7FFB167FE}.Debug|Any CPU.ActiveCfg = Debug|Any CPU
		{8F8E61A9-A785-470D-9C52-75F7FFB167FE}.Debug|Any CPU.Build.0 = Debug|Any CPU
		{8F8E61A9-A785-470D-9C52-75F7FFB167FE}.Debug|x64.ActiveCfg = Debug|Any CPU
		{8F8E61A9-A785-470D-9C52-75F7FFB167FE}.Debug|x64.Build.0 = Debug|Any CPU
		{8F8E61A9-A785-470D-9C52-75F7FFB167FE}.Debug|x86.ActiveCfg = Debug|Any CPU
		{8F8E61A9-A785-470D-9C52-75F7FFB167FE}.Debug|x86.Build.0 = Debug|Any CPU
		{8F8E61A9-A785-470D-9C52-75F7FFB167FE}.Release|Any CPU.ActiveCfg = Release|Any CPU
		{8F8E61A9-A785-470D-9C52-75F7FFB167FE}.Release|Any CPU.Build.0 = Release|Any CPU
		{8F8E61A9-A785-470D-9C52-75F7FFB167FE}.Release|x64.ActiveCfg = Release|Any CPU
		{8F8E61A9-A785-470D-9C52-75F7FFB167FE}.Release|x64.Build.0 = Release|Any CPU
		{8F8E61A9-A785-470D-9C52-75F7FFB167FE}.Release|x86.ActiveCfg = Release|Any CPU
		{8F8E61A9-A785-470D-9C52-75F7FFB167FE}.Release|x86.Build.0 = Release|Any CPU
	EndGlobalSection
	GlobalSection(SolutionProperties) = preSolution
		HideSolutionNode = FALSE
	EndGlobalSection
EndGlobal
